
Microsoft Visual Studio Solution File, Format Version 12.00
# Visual Studio Version 16
VisualStudioVersion = 16.0.30225.117
MinimumVisualStudioVersion = 10.0.40219.1
Project("{FAE04EC0-301F-11D3-BF4B-00C04F79EFBC}") = "clicker", "clicker\clicker.csproj", "{6E73B98E-0CDB-4616-A7C3-6C0D071A08A7}"
EndProject
Global
	GlobalSection(SolutionConfigurationPlatforms) = preSolution
		Debug|Any CPU = Debug|Any CPU
		Release|Any CPU = Release|Any CPU
	EndGlobalSection
	GlobalSection(ProjectConfigurationPlatforms) = postSolution
		{6E73B98E-0CDB-4616-A7C3-6C0D071A08A7}.Debug|Any CPU.ActiveCfg = Debug|Any CPU
		{6E73B98E-0CDB-4616-A7C3-6C0D071A08A7}.Debug|Any CPU.Build.0 = Debug|Any CPU
		{6E73B98E-0CDB-4616-A7C3-6C0D071A08A7}.Release|Any CPU.ActiveCfg = Release|Any CPU
		{6E73B98E-0CDB-4616-A7C3-6C0D071A08A7}.Release|Any CPU.Build.0 = Release|Any CPU
	EndGlobalSection
	GlobalSection(SolutionProperties) = preSolution
		HideSolutionNode = FALSE
	EndGlobalSection
	GlobalSection(ExtensibilityGlobals) = postSolution
		SolutionGuid = {9015B17F-3666-4CD5-B8D1-9E63A04DB57E}
	EndGlobalSection
EndGlobal
